
Microsoft Visual Studio Solution File, Format Version 12.00
# Visual Studio Version 16
VisualStudioVersion = 16.0.31112.23
MinimumVisualStudioVersion = 10.0.40219.1
Project("{FAE04EC0-301F-11D3-BF4B-00C04F79EFBC}") = "TriggerInEFCore", "TriggerInEFCore\TriggerInEFCore.csproj", "{8E48AF97-52F6-47E2-8313-467F3C945ECD}"
EndProject
Global
	GlobalSection(SolutionConfigurationPlatforms) = preSolution
		Debug|Any CPU = Debug|Any CPU
		Release|Any CPU = Release|Any CPU
	EndGlobalSection
	GlobalSection(ProjectConfigurationPlatforms) = postSolution
		{8E48AF97-52F6-47E2-8313-467F3C945ECD}.Debug|Any CPU.ActiveCfg = Debug|Any CPU
		{8E48AF97-52F6-47E2-8313-467F3C945ECD}.Debug|Any CPU.Build.0 = Debug|Any CPU
		{8E48AF97-52F6-47E2-8313-467F3C945ECD}.Release|Any CPU.ActiveCfg = Release|Any CPU
		{8E48AF97-52F6-47E2-8313-467F3C945ECD}.Release|Any CPU.Build.0 = Release|Any CPU
	EndGlobalSection
	GlobalSection(SolutionProperties) = preSolution
		HideSolutionNode = FALSE
	EndGlobalSection
	GlobalSection(ExtensibilityGlobals) = postSolution
		SolutionGuid = {C45D1C29-517D-481B-9B42-80F8B5A41749}
	EndGlobalSection
EndGlobal
